
Microsoft Visual Studio Solution File, Format Version 12.00
# Visual Studio Version 17
VisualStudioVersion = 17.14.36623.8 d17.14
MinimumVisualStudioVersion = 10.0.40219.1
Project("{FAE04EC0-301F-11D3-BF4B-00C04F79EFBC}") = "ConsoleApp3", "ConsoleApp3\ConsoleApp3.csproj", "{211C4341-E185-4739-BB31-93997201950A}"
EndProject
Global
	GlobalSection(SolutionConfigurationPlatforms) = preSolution
		Debug|Any CPU = Debug|Any CPU
		Release|Any CPU = Release|Any CPU
	EndGlobalSection
	GlobalSection(ProjectConfigurationPlatforms) = postSolution
		{211C4341-E185-4739-BB31-93997201950A}.Debug|Any CPU.ActiveCfg = Debug|Any CPU
		{211C4341-E185-4739-BB31-93997201950A}.Debug|Any CPU.Build.0 = Debug|Any CPU
		{211C4341-E185-4739-BB31-93997201950A}.Release|Any CPU.ActiveCfg = Release|Any CPU
		{211C4341-E185-4739-BB31-93997201950A}.Release|Any CPU.Build.0 = Release|Any CPU
	EndGlobalSection
	GlobalSection(SolutionProperties) = preSolution
		HideSolutionNode = FALSE
	EndGlobalSection
	GlobalSection(ExtensibilityGlobals) = postSolution
		SolutionGuid = {B5262B50-E354-46E9-A2DF-65B52226E84D}
	EndGlobalSection
EndGlobal
